{
  "name": "datareduce",
  "version": "1.0.3",
  "lockfileVersion": 2,
  "requires": true,
  "packages": {
    "": {
      "name": "datareduce",
      "version": "1.0.3",
      "license": "Apache",
      "dependencies": {
        "datareduce": "github:troxel/datareduce"
      },
      "devDependencies": {
        "d3fc-sample": "^3.0.5",
        "downsample-lttb": "github:pingec/downsample-lttb"
      }
    },
    "node_modules/d3-array": {
      "version": "1.2.4",
      "resolved": "https://registry.npmjs.org/d3-array/-/d3-array-1.2.4.tgz",
      "integrity": "sha512-KHW6M86R+FUPYGb3R5XiYjXPq7VzwxZ22buHhAEVG5ztoEcZZMLov530mmccaqA1GghZArjQV46fuc8kUqhhHw==",
      "dev": true
    },
    "node_modules/d3fc-rebind": {
      "version": "4.1.1",
      "resolved": "https://registry.npmjs.org/d3fc-rebind/-/d3fc-rebind-4.1.1.tgz",
      "integrity": "sha512-o6zVxefVvY3jTKfCjsisjhPa9Te9d/D0la3F1rhQfUFE2IIdsgjkYBVAarTHc+O7KTIkzt0pI8lw3wbCsrel2w==",
      "deprecated": "This package is deprecated, please use @d3fc/d3fc-rebind instead.",
      "dev": true
    },
    "node_modules/d3fc-sample": {
      "version": "3.0.5",
      "resolved": "https://registry.npmjs.org/d3fc-sample/-/d3fc-sample-3.0.5.tgz",
      "integrity": "sha512-fyEbI6NnsOl46oAHkCRbOch94ONKjKiap80cGMubp9cBmPfi+x/3W0EelJo+Cl/X2eXFIR6urRKqyGRQUyyV3Q==",
      "dev": true,
      "dependencies": {
        "d3-array": "^1.0.0",
        "d3fc-rebind": "^4.0.1"
      }
    },
    "node_modules/datareduce": {
      "version": "1.0.2",
      "resolved": "git+ssh://git@github.com/troxel/datareduce.git#e334a1dd3470559a297a1f716f5e272455995230",
      "license": "Apache"
    },
    "node_modules/downsample-lttb": {
      "version": "0.0.1",
      "resolved": "git+ssh://git@github.com/pingec/downsample-lttb.git#e6473596fbd969f3afb0f457cc4790b0a9b42790",
      "dev": true,
      "license": "MIT"
    }
  },
  "dependencies": {
    "d3-array": {
      "version": "1.2.4",
      "resolved": "https://registry.npmjs.org/d3-array/-/d3-array-1.2.4.tgz",
      "integrity": "sha512-KHW6M86R+FUPYGb3R5XiYjXPq7VzwxZ22buHhAEVG5ztoEcZZMLov530mmccaqA1GghZArjQV46fuc8kUqhhHw==",
      "dev": true
    },
    "d3fc-rebind": {
      "version": "4.1.1",
      "resolved": "https://registry.npmjs.org/d3fc-rebind/-/d3fc-rebind-4.1.1.tgz",
      "integrity": "sha512-o6zVxefVvY3jTKfCjsisjhPa9Te9d/D0la3F1rhQfUFE2IIdsgjkYBVAarTHc+O7KTIkzt0pI8lw3wbCsrel2w==",
      "dev": true
    },
    "d3fc-sample": {
      "version": "3.0.5",
      "resolved": "https://registry.npmjs.org/d3fc-sample/-/d3fc-sample-3.0.5.tgz",
      "integrity": "sha512-fyEbI6NnsOl46oAHkCRbOch94ONKjKiap80cGMubp9cBmPfi+x/3W0EelJo+Cl/X2eXFIR6urRKqyGRQUyyV3Q==",
      "dev": true,
      "requires": {
        "d3-array": "^1.0.0",
        "d3fc-rebind": "^4.0.1"
      }
    },
    "datareduce": {
      "version": "git+ssh://git@github.com/troxel/datareduce.git#e334a1dd3470559a297a1f716f5e272455995230",
      "from": "datareduce@git+https://github.com/troxel/datareduce.git"
    },
    "downsample-lttb": {
      "version": "git+ssh://git@github.com/pingec/downsample-lttb.git#e6473596fbd969f3afb0f457cc4790b0a9b42790",
      "dev": true,
      "from": "downsample-lttb@github:pingec/downsample-lttb"
    }
  }
}
